// !$*UTF8*$!
{
	archiveVersion = 1;
	classes = {
	};
	objectVersion = 55;
	objects = {

/* Begin PBXBuildFile section */
		730E7CD1281978DF0098EB17 /* AppDelegate.swift in Sources */ = {isa = PBXBuildFile; fileRef = 730E7CD0281978DF0098EB17 /* AppDelegate.swift */; };
		730E7CD3281978DF0098EB17 /* SceneDelegate.swift in Sources */ = {isa = PBXBuildFile; fileRef = 730E7CD2281978DF0098EB17 /* SceneDelegate.swift */; };
		730E7CD5281978DF0098EB17 /* ViewController.swift in Sources */ = {isa = PBXBuildFile; fileRef = 730E7CD4281978DF0098EB17 /* ViewController.swift */; };
		730E7CD8281978DF0098EB17 /* Main.storyboard in Resources */ = {isa = PBXBuildFile; fileRef = 730E7CD6281978DF0098EB17 /* Main.storyboard */; };
		730E7CDA281978E20098EB17 /* Assets.xcassets in Resources */ = {isa = PBXBuildFile; fileRef = 730E7CD9281978E20098EB17 /* Assets.xcassets */; };
		730E7CDD281978E20098EB17 /* LaunchScreen.storyboard in Resources */ = {isa = PBXBuildFile; fileRef = 730E7CDB281978E20098EB17 /* LaunchScreen.storyboard */; };
		734891B5282923A00086D9C9 /* DetailVC.swift in Sources */ = {isa = PBXBuildFile; fileRef = 734891B4282923A00086D9C9 /* DetailVC.swift */; };
		73624B13282247B900E908ED /* ProductTableCell.swift in Sources */ = {isa = PBXBuildFile; fileRef = 73624B12282247B900E908ED /* ProductTableCell.swift */; };
		736447E52822A5FE001DD0ED /* Home.storyboard in Resources */ = {isa = PBXBuildFile; fileRef = 736447E42822A5FE001DD0ED /* Home.storyboard */; };
		736447E72822A728001DD0ED /* UIViewController+Storyboard.swift in Sources */ = {isa = PBXBuildFile; fileRef = 736447E62822A727001DD0ED /* UIViewController+Storyboard.swift */; };
		736447EA2822AD65001DD0ED /* SearchVC.swift in Sources */ = {isa = PBXBuildFile; fileRef = 736447E92822AD65001DD0ED /* SearchVC.swift */; };
		737881E0282B789800CEB2B2 /* AddressVC.swift in Sources */ = {isa = PBXBuildFile; fileRef = 737881DF282B789800CEB2B2 /* AddressVC.swift */; };
		737881E2282B812700CEB2B2 /* Custom+UIView.swift in Sources */ = {isa = PBXBuildFile; fileRef = 737881E1282B812700CEB2B2 /* Custom+UIView.swift */; };
		737881E4282BA60600CEB2B2 /* addAddressVC.swift in Sources */ = {isa = PBXBuildFile; fileRef = 737881E3282BA60500CEB2B2 /* addAddressVC.swift */; };
		739B4442281C07A8001B9DD8 /* Gilroy-Medium.ttf in Resources */ = {isa = PBXBuildFile; fileRef = 739B4436281C07A8001B9DD8 /* Gilroy-Medium.ttf */; };
		739B4443281C07A8001B9DD8 /* Gilroy-Regular.ttf in Resources */ = {isa = PBXBuildFile; fileRef = 739B4437281C07A8001B9DD8 /* Gilroy-Regular.ttf */; };
		739B4444281C07A8001B9DD8 /* Gilroy-UltraLight.ttf in Resources */ = {isa = PBXBuildFile; fileRef = 739B4438281C07A8001B9DD8 /* Gilroy-UltraLight.ttf */; };
		739B4445281C07A8001B9DD8 /* Gilroy-Black.ttf in Resources */ = {isa = PBXBuildFile; fileRef = 739B4439281C07A8001B9DD8 /* Gilroy-Black.ttf */; };
		739B4446281C07A8001B9DD8 /* Gilroy-ExtraBold.ttf in Resources */ = {isa = PBXBuildFile; fileRef = 739B443A281C07A8001B9DD8 /* Gilroy-ExtraBold.ttf */; };
		739B4447281C07A8001B9DD8 /* Gilroy-Light.ttf in Resources */ = {isa = PBXBuildFile; fileRef = 739B443B281C07A8001B9DD8 /* Gilroy-Light.ttf */; };
		739B4448281C07A8001B9DD8 /* Gilroy-Thin.ttf in Resources */ = {isa = PBXBuildFile; fileRef = 739B443C281C07A8001B9DD8 /* Gilroy-Thin.ttf */; };
		739B4449281C07A8001B9DD8 /* Gilroy-SemiBold.ttf in Resources */ = {isa = PBXBuildFile; fileRef = 739B443D281C07A8001B9DD8 /* Gilroy-SemiBold.ttf */; };
		739B444A281C07A8001B9DD8 /* Gilroy-Bold.ttf in Resources */ = {isa = PBXBuildFile; fileRef = 739B443E281C07A8001B9DD8 /* Gilroy-Bold.ttf */; };
		739B444B281C07A8001B9DD8 /* Gilroy-Heavy.ttf in Resources */ = {isa = PBXBuildFile; fileRef = 739B443F281C07A8001B9DD8 /* Gilroy-Heavy.ttf */; };
		739B444C281C07A8001B9DD8 /* Gilroy-Light.otf in Resources */ = {isa = PBXBuildFile; fileRef = 739B4440281C07A8001B9DD8 /* Gilroy-Light.otf */; };
		739B444D281C07A8001B9DD8 /* Gilroy-ExtraBold.otf in Resources */ = {isa = PBXBuildFile; fileRef = 739B4441281C07A8001B9DD8 /* Gilroy-ExtraBold.otf */; };
		739B4450281C0C53001B9DD8 /* ForgotEmailVC.swift in Sources */ = {isa = PBXBuildFile; fileRef = 739B444F281C0C53001B9DD8 /* ForgotEmailVC.swift */; };
		73B320DC282943490024BBE3 /* ReviewsVC.swift in Sources */ = {isa = PBXBuildFile; fileRef = 73B320DB282943490024BBE3 /* ReviewsVC.swift */; };
		73B320DE282943E50024BBE3 /* ReviewsTableViewCell.swift in Sources */ = {isa = PBXBuildFile; fileRef = 73B320DD282943E50024BBE3 /* ReviewsTableViewCell.swift */; };
		73BA48D92823D57500C88901 /* SearchTableViewCell.swift in Sources */ = {isa = PBXBuildFile; fileRef = 73BA48D82823D57400C88901 /* SearchTableViewCell.swift */; };
		73BA48DC2823FEDC00C88901 /* ListingVC.swift in Sources */ = {isa = PBXBuildFile; fileRef = 73BA48DB2823FEDC00C88901 /* ListingVC.swift */; };
		73BB5CC528210002005B6155 /* HomeVC.swift in Sources */ = {isa = PBXBuildFile; fileRef = 73BB5CC428210002005B6155 /* HomeVC.swift */; };
		73BB5CC828210047005B6155 /* HomeMainTableViewCell.swift in Sources */ = {isa = PBXBuildFile; fileRef = 73BB5CC728210047005B6155 /* HomeMainTableViewCell.swift */; };
		73BB5CCA2821010B005B6155 /* BannerTableCell.swift in Sources */ = {isa = PBXBuildFile; fileRef = 73BB5CC92821010B005B6155 /* BannerTableCell.swift */; };
		73BB5CCC28210139005B6155 /* BrandTableCell.swift in Sources */ = {isa = PBXBuildFile; fileRef = 73BB5CCB28210139005B6155 /* BrandTableCell.swift */; };
		73BB5CCE2821036E005B6155 /* CategoryTableCell.swift in Sources */ = {isa = PBXBuildFile; fileRef = 73BB5CCD2821036E005B6155 /* CategoryTableCell.swift */; };
		73BB5CD1282140A0005B6155 /* BrandCollectioncell.swift in Sources */ = {isa = PBXBuildFile; fileRef = 73BB5CD0282140A0005B6155 /* BrandCollectioncell.swift */; };
		826AA0DA64FAFD960E6BBF79 /* Pods_Carlot.framework in Frameworks */ = {isa = PBXBuildFile; fileRef = 156C9C046BF4A7109A6026F7 /* Pods_Carlot.framework */; };
/* End PBXBuildFile section */

/* Begin PBXFileReference section */
		156C9C046BF4A7109A6026F7 /* Pods_Carlot.framework */ = {isa = PBXFileReference; explicitFileType = wrapper.framework; includeInIndex = 0; path = Pods_Carlot.framework; sourceTree = BUILT_PRODUCTS_DIR; };
		2FBBEF62972B1DCCC35A2EB3 /* Pods-Carlot.release.xcconfig */ = {isa = PBXFileReference; includeInIndex = 1; lastKnownFileType = text.xcconfig; name = "Pods-Carlot.release.xcconfig"; path = "Target Support Files/Pods-Carlot/Pods-Carlot.release.xcconfig"; sourceTree = "<group>"; };
		730E7CCD281978DF0098EB17 /* Carlot.app */ = {isa = PBXFileReference; explicitFileType = wrapper.application; includeInIndex = 0; path = Carlot.app; sourceTree = BUILT_PRODUCTS_DIR; };
		730E7CD0281978DF0098EB17 /* AppDelegate.swift */ = {isa = PBXFileReference; lastKnownFileType = sourcecode.swift; path = AppDelegate.swift; sourceTree = "<group>"; };
		730E7CD2281978DF0098EB17 /* SceneDelegate.swift */ = {isa = PBXFileReference; lastKnownFileType = sourcecode.swift; path = SceneDelegate.swift; sourceTree = "<group>"; };
		730E7CD4281978DF0098EB17 /* ViewController.swift */ = {isa = PBXFileReference; lastKnownFileType = sourcecode.swift; path = ViewController.swift; sourceTree = "<group>"; };
		730E7CD7281978DF0098EB17 /* Base */ = {isa = PBXFileReference; lastKnownFileType = file.storyboard; name = Base; path = Base.lproj/Main.storyboard; sourceTree = "<group>"; };
		730E7CD9281978E20098EB17 /* Assets.xcassets */ = {isa = PBXFileReference; lastKnownFileType = folder.assetcatalog; path = Assets.xcassets; sourceTree = "<group>"; };
		730E7CDC281978E20098EB17 /* Base */ = {isa = PBXFileReference; lastKnownFileType = file.storyboard; name = Base; path = Base.lproj/LaunchScreen.storyboard; sourceTree = "<group>"; };
		730E7CDE281978E20098EB17 /* Info.plist */ = {isa = PBXFileReference; lastKnownFileType = text.plist.xml; path = Info.plist; sourceTree = "<group>"; };
		734891B4282923A00086D9C9 /* DetailVC.swift */ = {isa = PBXFileReference; lastKnownFileType = sourcecode.swift; path = DetailVC.swift; sourceTree = "<group>"; };
		73624B12282247B900E908ED /* ProductTableCell.swift */ = {isa = PBXFileReference; lastKnownFileType = sourcecode.swift; path = ProductTableCell.swift; sourceTree = "<group>"; };
		736447E42822A5FE001DD0ED /* Home.storyboard */ = {isa = PBXFileReference; lastKnownFileType = file.storyboard; path = Home.storyboard; sourceTree = "<group>"; };
		736447E62822A727001DD0ED /* UIViewController+Storyboard.swift */ = {isa = PBXFileReference; fileEncoding = 4; lastKnownFileType = sourcecode.swift; path = "UIViewController+Storyboard.swift"; sourceTree = "<group>"; };
		736447E92822AD65001DD0ED /* SearchVC.swift */ = {isa = PBXFileReference; lastKnownFileType = sourcecode.swift; path = SearchVC.swift; sourceTree = "<group>"; };
		737881DF282B789800CEB2B2 /* AddressVC.swift */ = {isa = PBXFileReference; lastKnownFileType = sourcecode.swift; path = AddressVC.swift; sourceTree = "<group>"; };
		737881E1282B812700CEB2B2 /* Custom+UIView.swift */ = {isa = PBXFileReference; fileEncoding = 4; lastKnownFileType = sourcecode.swift; path = "Custom+UIView.swift"; sourceTree = "<group>"; };
		737881E3282BA60500CEB2B2 /* addAddressVC.swift */ = {isa = PBXFileReference; lastKnownFileType = sourcecode.swift; path = addAddressVC.swift; sourceTree = "<group>"; };
		739B4436281C07A8001B9DD8 /* Gilroy-Medium.ttf */ = {isa = PBXFileReference; lastKnownFileType = file; path = "Gilroy-Medium.ttf"; sourceTree = "<group>"; };
		739B4437281C07A8001B9DD8 /* Gilroy-Regular.ttf */ = {isa = PBXFileReference; lastKnownFileType = file; path = "Gilroy-Regular.ttf"; sourceTree = "<group>"; };
		739B4438281C07A8001B9DD8 /* Gilroy-UltraLight.ttf */ = {isa = PBXFileReference; lastKnownFileType = file; path = "Gilroy-UltraLight.ttf"; sourceTree = "<group>"; };
		739B4439281C07A8001B9DD8 /* Gilroy-Black.ttf */ = {isa = PBXFileReference; lastKnownFileType = file; path = "Gilroy-Black.ttf"; sourceTree = "<group>"; };
		739B443A281C07A8001B9DD8 /* Gilroy-ExtraBold.ttf */ = {isa = PBXFileReference; lastKnownFileType = file; path = "Gilroy-ExtraBold.ttf"; sourceTree = "<group>"; };
		739B443B281C07A8001B9DD8 /* Gilroy-Light.ttf */ = {isa = PBXFileReference; lastKnownFileType = file; path = "Gilroy-Light.ttf"; sourceTree = "<group>"; };
		739B443C281C07A8001B9DD8 /* Gilroy-Thin.ttf */ = {isa = PBXFileReference; lastKnownFileType = file; path = "Gilroy-Thin.ttf"; sourceTree = "<group>"; };
		739B443D281C07A8001B9DD8 /* Gilroy-SemiBold.ttf */ = {isa = PBXFileReference; lastKnownFileType = file; path = "Gilroy-SemiBold.ttf"; sourceTree = "<group>"; };
		739B443E281C07A8001B9DD8 /* Gilroy-Bold.ttf */ = {isa = PBXFileReference; lastKnownFileType = file; path = "Gilroy-Bold.ttf"; sourceTree = "<group>"; };
		739B443F281C07A8001B9DD8 /* Gilroy-Heavy.ttf */ = {isa = PBXFileReference; lastKnownFileType = file; path = "Gilroy-Heavy.ttf"; sourceTree = "<group>"; };
		739B4440281C07A8001B9DD8 /* Gilroy-Light.otf */ = {isa = PBXFileReference; lastKnownFileType = file; path = "Gilroy-Light.otf"; sourceTree = "<group>"; };
		739B4441281C07A8001B9DD8 /* Gilroy-ExtraBold.otf */ = {isa = PBXFileReference; lastKnownFileType = file; path = "Gilroy-ExtraBold.otf"; sourceTree = "<group>"; };
		739B444F281C0C53001B9DD8 /* ForgotEmailVC.swift */ = {isa = PBXFileReference; lastKnownFileType = sourcecode.swift; path = ForgotEmailVC.swift; sourceTree = "<group>"; };
		73B320DB282943490024BBE3 /* ReviewsVC.swift */ = {isa = PBXFileReference; lastKnownFileType = sourcecode.swift; path = ReviewsVC.swift; sourceTree = "<group>"; };
		73B320DD282943E50024BBE3 /* ReviewsTableViewCell.swift */ = {isa = PBXFileReference; lastKnownFileType = sourcecode.swift; path = ReviewsTableViewCell.swift; sourceTree = "<group>"; };
		73BA48D82823D57400C88901 /* SearchTableViewCell.swift */ = {isa = PBXFileReference; lastKnownFileType = sourcecode.swift; path = SearchTableViewCell.swift; sourceTree = "<group>"; };
		73BA48DB2823FEDC00C88901 /* ListingVC.swift */ = {isa = PBXFileReference; lastKnownFileType = sourcecode.swift; path = ListingVC.swift; sourceTree = "<group>"; };
		73BB5CC428210002005B6155 /* HomeVC.swift */ = {isa = PBXFileReference; lastKnownFileType = sourcecode.swift; path = HomeVC.swift; sourceTree = "<group>"; };
		73BB5CC728210047005B6155 /* HomeMainTableViewCell.swift */ = {isa = PBXFileReference; lastKnownFileType = sourcecode.swift; path = HomeMainTableViewCell.swift; sourceTree = "<group>"; };
		73BB5CC92821010B005B6155 /* BannerTableCell.swift */ = {isa = PBXFileReference; lastKnownFileType = sourcecode.swift; path = BannerTableCell.swift; sourceTree = "<group>"; };
		73BB5CCB28210139005B6155 /* BrandTableCell.swift */ = {isa = PBXFileReference; lastKnownFileType = sourcecode.swift; path = BrandTableCell.swift; sourceTree = "<group>"; };
		73BB5CCD2821036E005B6155 /* CategoryTableCell.swift */ = {isa = PBXFileReference; lastKnownFileType = sourcecode.swift; path = CategoryTableCell.swift; sourceTree = "<group>"; };
		73BB5CD0282140A0005B6155 /* BrandCollectioncell.swift */ = {isa = PBXFileReference; lastKnownFileType = sourcecode.swift; path = BrandCollectioncell.swift; sourceTree = "<group>"; };
		F0DB0B746CA02A864B93D2F8 /* Pods-Carlot.debug.xcconfig */ = {isa = PBXFileReference; includeInIndex = 1; lastKnownFileType = text.xcconfig; name = "Pods-Carlot.debug.xcconfig"; path = "Target Support Files/Pods-Carlot/Pods-Carlot.debug.xcconfig"; sourceTree = "<group>"; };
/* End PBXFileReference section */

/* Begin PBXFrameworksBuildPhase section */
		730E7CCA281978DF0098EB17 /* Frameworks */ = {
			isa = PBXFrameworksBuildPhase;
			buildActionMask = 2147483647;
			files = (
				826AA0DA64FAFD960E6BBF79 /* Pods_Carlot.framework in Frameworks */,
			);
			runOnlyForDeploymentPostprocessing = 0;
		};
/* End PBXFrameworksBuildPhase section */

/* Begin PBXGroup section */
		1EB86F696D818A4DDFC9875E /* Pods */ = {
			isa = PBXGroup;
			children = (
				F0DB0B746CA02A864B93D2F8 /* Pods-Carlot.debug.xcconfig */,
				2FBBEF62972B1DCCC35A2EB3 /* Pods-Carlot.release.xcconfig */,
			);
			path = Pods;
			sourceTree = "<group>";
		};
		2DAC33E700DB31D0F8848D66 /* Frameworks */ = {
			isa = PBXGroup;
			children = (
				156C9C046BF4A7109A6026F7 /* Pods_Carlot.framework */,
			);
			name = Frameworks;
			sourceTree = "<group>";
		};
		730E7CC4281978DF0098EB17 = {
			isa = PBXGroup;
			children = (
				730E7CCF281978DF0098EB17 /* Carlot */,
				736447E62822A727001DD0ED /* UIViewController+Storyboard.swift */,
				730E7CCE281978DF0098EB17 /* Products */,
				1EB86F696D818A4DDFC9875E /* Pods */,
				2DAC33E700DB31D0F8848D66 /* Frameworks */,
			);
			sourceTree = "<group>";
		};
		730E7CCE281978DF0098EB17 /* Products */ = {
			isa = PBXGroup;
			children = (
				730E7CCD281978DF0098EB17 /* Carlot.app */,
			);
			name = Products;
			sourceTree = "<group>";
		};
		730E7CCF281978DF0098EB17 /* Carlot */ = {
			isa = PBXGroup;
			children = (
				737881DE282B788000CEB2B2 /* Address */,
				73B320DA2829431D0024BBE3 /* Reviews */,
				734891B32829236C0086D9C9 /* DetailPage */,
				73BA48DA2823FEBA00C88901 /* Car Listing */,
				736447E82822AD43001DD0ED /* Search */,
				73BB5CC32820FFE3005B6155 /* Home */,
				739B444E281C0C1F001B9DD8 /* Verification */,
				739B4435281C07A8001B9DD8 /* Gilroy_Font */,
				730E7CD0281978DF0098EB17 /* AppDelegate.swift */,
				730E7CD2281978DF0098EB17 /* SceneDelegate.swift */,
				730E7CD4281978DF0098EB17 /* ViewController.swift */,
				737881E1282B812700CEB2B2 /* Custom+UIView.swift */,
				730E7CD6281978DF0098EB17 /* Main.storyboard */,
				730E7CD9281978E20098EB17 /* Assets.xcassets */,
				730E7CDB281978E20098EB17 /* LaunchScreen.storyboard */,
				730E7CDE281978E20098EB17 /* Info.plist */,
			);
			path = Carlot;
			sourceTree = "<group>";
		};
		734891B32829236C0086D9C9 /* DetailPage */ = {
			isa = PBXGroup;
			children = (
				734891B4282923A00086D9C9 /* DetailVC.swift */,
			);
			path = DetailPage;
			sourceTree = "<group>";
		};
		73624B112822477D00E908ED /* TableCell */ = {
			isa = PBXGroup;
			children = (
				73BB5CC728210047005B6155 /* HomeMainTableViewCell.swift */,
				73BB5CC92821010B005B6155 /* BannerTableCell.swift */,
				73BB5CCB28210139005B6155 /* BrandTableCell.swift */,
				73BB5CCD2821036E005B6155 /* CategoryTableCell.swift */,
				73624B12282247B900E908ED /* ProductTableCell.swift */,
			);
			path = TableCell;
			sourceTree = "<group>";
		};
		736447E82822AD43001DD0ED /* Search */ = {
			isa = PBXGroup;
			children = (
				736447E92822AD65001DD0ED /* SearchVC.swift */,
				73BA48D82823D57400C88901 /* SearchTableViewCell.swift */,
			);
			path = Search;
			sourceTree = "<group>";
		};
		737881DE282B788000CEB2B2 /* Address */ = {
			isa = PBXGroup;
			children = (
				737881DF282B789800CEB2B2 /* AddressVC.swift */,
				737881E3282BA60500CEB2B2 /* addAddressVC.swift */,
			);
			path = Address;
			sourceTree = "<group>";
		};
		739B4435281C07A8001B9DD8 /* Gilroy_Font */ = {
			isa = PBXGroup;
			children = (
				739B4436281C07A8001B9DD8 /* Gilroy-Medium.ttf */,
				739B4437281C07A8001B9DD8 /* Gilroy-Regular.ttf */,
				739B4438281C07A8001B9DD8 /* Gilroy-UltraLight.ttf */,
				739B4439281C07A8001B9DD8 /* Gilroy-Black.ttf */,
				739B443A281C07A8001B9DD8 /* Gilroy-ExtraBold.ttf */,
				739B443B281C07A8001B9DD8 /* Gilroy-Light.ttf */,
				739B443C281C07A8001B9DD8 /* Gilroy-Thin.ttf */,
				739B443D281C07A8001B9DD8 /* Gilroy-SemiBold.ttf */,
				739B443E281C07A8001B9DD8 /* Gilroy-Bold.ttf */,
				739B443F281C07A8001B9DD8 /* Gilroy-Heavy.ttf */,
				739B4440281C07A8001B9DD8 /* Gilroy-Light.otf */,
				739B4441281C07A8001B9DD8 /* Gilroy-ExtraBold.otf */,
			);
			path = Gilroy_Font;
			sourceTree = "<group>";
		};
		739B444E281C0C1F001B9DD8 /* Verification */ = {
			isa = PBXGroup;
			children = (
				739B444F281C0C53001B9DD8 /* ForgotEmailVC.swift */,
			);
			path = Verification;
			sourceTree = "<group>";
		};
		73B320DA2829431D0024BBE3 /* Reviews */ = {
			isa = PBXGroup;
			children = (
				73B320DB282943490024BBE3 /* ReviewsVC.swift */,
				73B320DD282943E50024BBE3 /* ReviewsTableViewCell.swift */,
			);
			path = Reviews;
			sourceTree = "<group>";
		};
		73BA48DA2823FEBA00C88901 /* Car Listing */ = {
			isa = PBXGroup;
			children = (
				73BA48DB2823FEDC00C88901 /* ListingVC.swift */,
			);
			path = "Car Listing";
			sourceTree = "<group>";
		};
		73BB5CC32820FFE3005B6155 /* Home */ = {
			isa = PBXGroup;
			children = (
				73BB5CC428210002005B6155 /* HomeVC.swift */,
				73BB5CC62821000B005B6155 /* Cell */,
				736447E42822A5FE001DD0ED /* Home.storyboard */,
			);
			path = Home;
			sourceTree = "<group>";
		};
		73BB5CC62821000B005B6155 /* Cell */ = {
			isa = PBXGroup;
			children = (
				73624B112822477D00E908ED /* TableCell */,
				73BB5CCF28213F3B005B6155 /* CollectionCells */,
			);
			path = Cell;
			sourceTree = "<group>";
		};
		73BB5CCF28213F3B005B6155 /* CollectionCells */ = {
			isa = PBXGroup;
			children = (
				73BB5CD0282140A0005B6155 /* BrandCollectioncell.swift */,
			);
			path = CollectionCells;
			sourceTree = "<group>";
		};
/* End PBXGroup section */

/* Begin PBXNativeTarget section */
		730E7CCC281978DF0098EB17 /* Carlot */ = {
			isa = PBXNativeTarget;
			buildConfigurationList = 730E7CE1281978E20098EB17 /* Build configuration list for PBXNativeTarget "Carlot" */;
			buildPhases = (
				0BFAFFF2ECAE720D2D87666D /* [CP] Check Pods Manifest.lock */,
				730E7CC9281978DF0098EB17 /* Sources */,
				730E7CCA281978DF0098EB17 /* Frameworks */,
				730E7CCB281978DF0098EB17 /* Resources */,
				FD84DCFD57CE74798811C862 /* [CP] Embed Pods Frameworks */,
			);
			buildRules = (
			);
			dependencies = (
			);
			name = Carlot;
			productName = Carlot;
			productReference = 730E7CCD281978DF0098EB17 /* Carlot.app */;
			productType = "com.apple.product-type.application";
		};
/* End PBXNativeTarget section */

/* Begin PBXProject section */
		730E7CC5281978DF0098EB17 /* Project object */ = {
			isa = PBXProject;
			attributes = {
				BuildIndependentTargetsInParallel = 1;
				LastSwiftUpdateCheck = 1330;
				LastUpgradeCheck = 1330;
				TargetAttributes = {
					730E7CCC281978DF0098EB17 = {
						CreatedOnToolsVersion = 13.3;
					};
				};
			};
			buildConfigurationList = 730E7CC8281978DF0098EB17 /* Build configuration list for PBXProject "Carlot" */;
			compatibilityVersion = "Xcode 13.0";
			developmentRegion = en;
			hasScannedForEncodings = 0;
			knownRegions = (
				en,
				Base,
			);
			mainGroup = 730E7CC4281978DF0098EB17;
			productRefGroup = 730E7CCE281978DF0098EB17 /* Products */;
			projectDirPath = "";
			projectRoot = "";
			targets = (
				730E7CCC281978DF0098EB17 /* Carlot */,
			);
		};
/* End PBXProject section */

/* Begin PBXResourcesBuildPhase section */
		730E7CCB281978DF0098EB17 /* Resources */ = {
			isa = PBXResourcesBuildPhase;
			buildActionMask = 2147483647;
			files = (
				739B4446281C07A8001B9DD8 /* Gilroy-ExtraBold.ttf in Resources */,
				739B4443281C07A8001B9DD8 /* Gilroy-Regular.ttf in Resources */,
				739B444D281C07A8001B9DD8 /* Gilroy-ExtraBold.otf in Resources */,
				730E7CDD281978E20098EB17 /* LaunchScreen.storyboard in Resources */,
				739B444A281C07A8001B9DD8 /* Gilroy-Bold.ttf in Resources */,
				739B4448281C07A8001B9DD8 /* Gilroy-Thin.ttf in Resources */,
				739B4444281C07A8001B9DD8 /* Gilroy-UltraLight.ttf in Resources */,
				739B4442281C07A8001B9DD8 /* Gilroy-Medium.ttf in Resources */,
				730E7CDA281978E20098EB17 /* Assets.xcassets in Resources */,
				739B444C281C07A8001B9DD8 /* Gilroy-Light.otf in Resources */,
				739B444B281C07A8001B9DD8 /* Gilroy-Heavy.ttf in Resources */,
				739B4449281C07A8001B9DD8 /* Gilroy-SemiBold.ttf in Resources */,
				739B4447281C07A8001B9DD8 /* Gilroy-Light.ttf in Resources */,
				739B4445281C07A8001B9DD8 /* Gilroy-Black.ttf in Resources */,
				730E7CD8281978DF0098EB17 /* Main.storyboard in Resources */,
				736447E52822A5FE001DD0ED /* Home.storyboard in Resources */,
			);
			runOnlyForDeploymentPostprocessing = 0;
		};
/* End PBXResourcesBuildPhase section */

/* Begin PBXShellScriptBuildPhase section */
		0BFAFFF2ECAE720D2D87666D /* [CP] Check Pods Manifest.lock */ = {
			isa = PBXShellScriptBuildPhase;
			buildActionMask = 2147483647;
			files = (
			);
			inputFileListPaths = (
			);
			inputPaths = (
				"${PODS_PODFILE_DIR_PATH}/Podfile.lock",
				"${PODS_ROOT}/Manifest.lock",
			);
			name = "[CP] Check Pods Manifest.lock";
			outputFileListPaths = (
			);
			outputPaths = (
				"$(DERIVED_FILE_DIR)/Pods-Carlot-checkManifestLockResult.txt",
			);
			runOnlyForDeploymentPostprocessing = 0;
			shellPath = /bin/sh;
			shellScript = "diff \"${PODS_PODFILE_DIR_PATH}/Podfile.lock\" \"${PODS_ROOT}/Manifest.lock\" > /dev/null\nif [ $? != 0 ] ; then\n    # print error to STDERR\n    echo \"error: The sandbox is not in sync with the Podfile.lock. Run 'pod install' or update your CocoaPods installation.\" >&2\n    exit 1\nfi\n# This output is used by Xcode 'outputs' to avoid re-running this script phase.\necho \"SUCCESS\" > \"${SCRIPT_OUTPUT_FILE_0}\"\n";
			showEnvVarsInLog = 0;
		};
		FD84DCFD57CE74798811C862 /* [CP] Embed Pods Frameworks */ = {
			isa = PBXShellScriptBuildPhase;
			buildActionMask = 2147483647;
			files = (
			);
			inputFileListPaths = (
				"${PODS_ROOT}/Target Support Files/Pods-Carlot/Pods-Carlot-frameworks-${CONFIGURATION}-input-files.xcfilelist",
			);
			name = "[CP] Embed Pods Frameworks";
			outputFileListPaths = (
				"${PODS_ROOT}/Target Support Files/Pods-Carlot/Pods-Carlot-frameworks-${CONFIGURATION}-output-files.xcfilelist",
			);
			runOnlyForDeploymentPostprocessing = 0;
			shellPath = /bin/sh;
			shellScript = "\"${PODS_ROOT}/Target Support Files/Pods-Carlot/Pods-Carlot-frameworks.sh\"\n";
			showEnvVarsInLog = 0;
		};
/* End PBXShellScriptBuildPhase section */

/* Begin PBXSourcesBuildPhase section */
		730E7CC9281978DF0098EB17 /* Sources */ = {
			isa = PBXSourcesBuildPhase;
			buildActionMask = 2147483647;
			files = (
				739B4450281C0C53001B9DD8 /* ForgotEmailVC.swift in Sources */,
				73BB5CC528210002005B6155 /* HomeVC.swift in Sources */,
				73BB5CCE2821036E005B6155 /* CategoryTableCell.swift in Sources */,
				73BB5CD1282140A0005B6155 /* BrandCollectioncell.swift in Sources */,
				730E7CD5281978DF0098EB17 /* ViewController.swift in Sources */,
				734891B5282923A00086D9C9 /* DetailVC.swift in Sources */,
				73BB5CCA2821010B005B6155 /* BannerTableCell.swift in Sources */,
				730E7CD1281978DF0098EB17 /* AppDelegate.swift in Sources */,
				73B320DC282943490024BBE3 /* ReviewsVC.swift in Sources */,
				730E7CD3281978DF0098EB17 /* SceneDelegate.swift in Sources */,
				73BB5CCC28210139005B6155 /* BrandTableCell.swift in Sources */,
				73B320DE282943E50024BBE3 /* ReviewsTableViewCell.swift in Sources */,
				73BA48DC2823FEDC00C88901 /* ListingVC.swift in Sources */,
				737881E2282B812700CEB2B2 /* Custom+UIView.swift in Sources */,
				737881E4282BA60600CEB2B2 /* addAddressVC.swift in Sources */,
				737881E0282B789800CEB2B2 /* AddressVC.swift in Sources */,
				73BB5CC828210047005B6155 /* HomeMainTableViewCell.swift in Sources */,
				736447EA2822AD65001DD0ED /* SearchVC.swift in Sources */,
				73624B13282247B900E908ED /* ProductTableCell.swift in Sources */,
				736447E72822A728001DD0ED /* UIViewController+Storyboard.swift in Sources */,
				73BA48D92823D57500C88901 /* SearchTableViewCell.swift in Sources */,
			);
			runOnlyForDeploymentPostprocessing = 0;
		};
/* End PBXSourcesBuildPhase section */

/* Begin PBXVariantGroup section */
		730E7CD6281978DF0098EB17 /* Main.storyboard */ = {
			isa = PBXVariantGroup;
			children = (
				730E7CD7281978DF0098EB17 /* Base */,
			);
			name = Main.storyboard;
			sourceTree = "<group>";
		};
		730E7CDB281978E20098EB17 /* LaunchScreen.storyboard */ = {
			isa = PBXVariantGroup;
			children = (
				730E7CDC281978E20098EB17 /* Base */,
			);
			name = LaunchScreen.storyboard;
			sourceTree = "<group>";
		};
/* End PBXVariantGroup section */

/* Begin XCBuildConfiguration section */
		730E7CDF281978E20098EB17 /* Debug */ = {
			isa = XCBuildConfiguration;
			buildSettings = {
				ALWAYS_SEARCH_USER_PATHS = NO;
				CLANG_ANALYZER_NONNULL = YES;
				CLANG_ANALYZER_NUMBER_OBJECT_CONVERSION = YES_AGGRESSIVE;
				CLANG_CXX_LANGUAGE_STANDARD = "gnu++17";
				CLANG_ENABLE_MODULES = YES;
				CLANG_ENABLE_OBJC_ARC = YES;
				CLANG_ENABLE_OBJC_WEAK = YES;
				CLANG_WARN_BLOCK_CAPTURE_AUTORELEASING = YES;
				CLANG_WARN_BOOL_CONVERSION = YES;
				CLANG_WARN_COMMA = YES;
				CLANG_WARN_CONSTANT_CONVERSION = YES;
				CLANG_WARN_DEPRECATED_OBJC_IMPLEMENTATIONS = YES;
				CLANG_WARN_DIRECT_OBJC_ISA_USAGE = YES_ERROR;
				CLANG_WARN_DOCUMENTATION_COMMENTS = YES;
				CLANG_WARN_EMPTY_BODY = YES;
				CLANG_WARN_ENUM_CONVERSION = YES;
				CLANG_WARN_INFINITE_RECURSION = YES;
				CLANG_WARN_INT_CONVERSION = YES;
				CLANG_WARN_NON_LITERAL_NULL_CONVERSION = YES;
				CLANG_WARN_OBJC_IMPLICIT_RETAIN_SELF = YES;
				CLANG_WARN_OBJC_LITERAL_CONVERSION = YES;
				CLANG_WARN_OBJC_ROOT_CLASS = YES_ERROR;
				CLANG_WARN_QUOTED_INCLUDE_IN_FRAMEWORK_HEADER = YES;
				CLANG_WARN_RANGE_LOOP_ANALYSIS = YES;
				CLANG_WARN_STRICT_PROTOTYPES = YES;
				CLANG_WARN_SUSPICIOUS_MOVE = YES;
				CLANG_WARN_UNGUARDED_AVAILABILITY = YES_AGGRESSIVE;
				CLANG_WARN_UNREACHABLE_CODE = YES;
				CLANG_WARN__DUPLICATE_METHOD_MATCH = YES;
				COPY_PHASE_STRIP = NO;
				DEBUG_INFORMATION_FORMAT = dwarf;
				ENABLE_STRICT_OBJC_MSGSEND = YES;
				ENABLE_TESTABILITY = YES;
				GCC_C_LANGUAGE_STANDARD = gnu11;
				GCC_DYNAMIC_NO_PIC = NO;
				GCC_NO_COMMON_BLOCKS = YES;
				GCC_OPTIMIZATION_LEVEL = 0;
				GCC_PREPROCESSOR_DEFINITIONS = (
					"DEBUG=1",
					"$(inherited)",
				);
				GCC_WARN_64_TO_32_BIT_CONVERSION = YES;
				GCC_WARN_ABOUT_RETURN_TYPE = YES_ERROR;
				GCC_WARN_UNDECLARED_SELECTOR = YES;
				GCC_WARN_UNINITIALIZED_AUTOS = YES_AGGRESSIVE;
				GCC_WARN_UNUSED_FUNCTION = YES;
				GCC_WARN_UNUSED_VARIABLE = YES;
				IPHONEOS_DEPLOYMENT_TARGET = 15.4;
				MTL_ENABLE_DEBUG_INFO = INCLUDE_SOURCE;
				MTL_FAST_MATH = YES;
				ONLY_ACTIVE_ARCH = YES;
				SDKROOT = iphoneos;
				SWIFT_ACTIVE_COMPILATION_CONDITIONS = DEBUG;
				SWIFT_OPTIMIZATION_LEVEL = "-Onone";
			};
			name = Debug;
		};
		730E7CE0281978E20098EB17 /* Release */ = {
			isa = XCBuildConfiguration;
			buildSettings = {
				ALWAYS_SEARCH_USER_PATHS = NO;
				CLANG_ANALYZER_NONNULL = YES;
				CLANG_ANALYZER_NUMBER_OBJECT_CONVERSION = YES_AGGRESSIVE;
				CLANG_CXX_LANGUAGE_STANDARD = "gnu++17";
				CLANG_ENABLE_MODULES = YES;
				CLANG_ENABLE_OBJC_ARC = YES;
				CLANG_ENABLE_OBJC_WEAK = YES;
				CLANG_WARN_BLOCK_CAPTURE_AUTORELEASING = YES;
				CLANG_WARN_BOOL_CONVERSION = YES;
				CLANG_WARN_COMMA = YES;
				CLANG_WARN_CONSTANT_CONVERSION = YES;
				CLANG_WARN_DEPRECATED_OBJC_IMPLEMENTATIONS = YES;
				CLANG_WARN_DIRECT_OBJC_ISA_USAGE = YES_ERROR;
				CLANG_WARN_DOCUMENTATION_COMMENTS = YES;
				CLANG_WARN_EMPTY_BODY = YES;
				CLANG_WARN_ENUM_CONVERSION = YES;
				CLANG_WARN_INFINITE_RECURSION = YES;
				CLANG_WARN_INT_CONVERSION = YES;
				CLANG_WARN_NON_LITERAL_NULL_CONVERSION = YES;
				CLANG_WARN_OBJC_IMPLICIT_RETAIN_SELF = YES;
				CLANG_WARN_OBJC_LITERAL_CONVERSION = YES;
				CLANG_WARN_OBJC_ROOT_CLASS = YES_ERROR;
				CLANG_WARN_QUOTED_INCLUDE_IN_FRAMEWORK_HEADER = YES;
				CLANG_WARN_RANGE_LOOP_ANALYSIS = YES;
				CLANG_WARN_STRICT_PROTOTYPES = YES;
				CLANG_WARN_SUSPICIOUS_MOVE = YES;
				CLANG_WARN_UNGUARDED_AVAILABILITY = YES_AGGRESSIVE;
				CLANG_WARN_UNREACHABLE_CODE = YES;
				CLANG_WARN__DUPLICATE_METHOD_MATCH = YES;
				COPY_PHASE_STRIP = NO;
				DEBUG_INFORMATION_FORMAT = "dwarf-with-dsym";
				ENABLE_NS_ASSERTIONS = NO;
				ENABLE_STRICT_OBJC_MSGSEND = YES;
				GCC_C_LANGUAGE_STANDARD = gnu11;
				GCC_NO_COMMON_BLOCKS = YES;
				GCC_WARN_64_TO_32_BIT_CONVERSION = YES;
				GCC_WARN_ABOUT_RETURN_TYPE = YES_ERROR;
				GCC_WARN_UNDECLARED_SELECTOR = YES;
				GCC_WARN_UNINITIALIZED_AUTOS = YES_AGGRESSIVE;
				GCC_WARN_UNUSED_FUNCTION = YES;
				GCC_WARN_UNUSED_VARIABLE = YES;
				IPHONEOS_DEPLOYMENT_TARGET = 15.4;
				MTL_ENABLE_DEBUG_INFO = NO;
				MTL_FAST_MATH = YES;
				SDKROOT = iphoneos;
				SWIFT_COMPILATION_MODE = wholemodule;
				SWIFT_OPTIMIZATION_LEVEL = "-O";
				VALIDATE_PRODUCT = YES;
			};
			name = Release;
		};
		730E7CE2281978E20098EB17 /* Debug */ = {
			isa = XCBuildConfiguration;
			baseConfigurationReference = F0DB0B746CA02A864B93D2F8 /* Pods-Carlot.debug.xcconfig */;
			buildSettings = {
				ASSETCATALOG_COMPILER_APPICON_NAME = AppIcon;
				ASSETCATALOG_COMPILER_GLOBAL_ACCENT_COLOR_NAME = AccentColor;
				CODE_SIGN_STYLE = Automatic;
				CURRENT_PROJECT_VERSION = 1;
				DEVELOPMENT_TEAM = J53LTZ968L;
				GENERATE_INFOPLIST_FILE = YES;
				INFOPLIST_FILE = Carlot/Info.plist;
				INFOPLIST_KEY_UIApplicationSupportsIndirectInputEvents = YES;
				INFOPLIST_KEY_UILaunchStoryboardName = LaunchScreen;
				INFOPLIST_KEY_UIMainStoryboardFile = Main;
				INFOPLIST_KEY_UISupportedInterfaceOrientations_iPad = "UIInterfaceOrientationPortrait UIInterfaceOrientationPortraitUpsideDown UIInterfaceOrientationLandscapeLeft UIInterfaceOrientationLandscapeRight";
				INFOPLIST_KEY_UISupportedInterfaceOrientations_iPhone = "UIInterfaceOrientationPortrait UIInterfaceOrientationLandscapeLeft UIInterfaceOrientationLandscapeRight";
				LD_RUNPATH_SEARCH_PATHS = (
					"$(inherited)",
					"@executable_path/Frameworks",
				);
				MARKETING_VERSION = 1.0;
				PRODUCT_BUNDLE_IDENTIFIER = com.optimalsolutions.Buitandagit.Carlot;
				PRODUCT_NAME = "$(TARGET_NAME)";
				SWIFT_EMIT_LOC_STRINGS = YES;
				SWIFT_VERSION = 5.0;
				TARGETED_DEVICE_FAMILY = "1,2";
			};
			name = Debug;
		};
		730E7CE3281978E20098EB17 /* Release */ = {
			isa = XCBuildConfiguration;
			baseConfigurationReference = 2FBBEF62972B1DCCC35A2EB3 /* Pods-Carlot.release.xcconfig */;
			buildSettings = {
				ASSETCATALOG_COMPILER_APPICON_NAME = AppIcon;
				ASSETCATALOG_COMPILER_GLOBAL_ACCENT_COLOR_NAME = AccentColor;
				CODE_SIGN_STYLE = Automatic;
				CURRENT_PROJECT_VERSION = 1;
				DEVELOPMENT_TEAM = J53LTZ968L;
				GENERATE_INFOPLIST_FILE = YES;
				INFOPLIST_FILE = Carlot/Info.plist;
				INFOPLIST_KEY_UIApplicationSupportsIndirectInputEvents = YES;
				INFOPLIST_KEY_UILaunchStoryboardName = LaunchScreen;
				INFOPLIST_KEY_UIMainStoryboardFile = Main;
				INFOPLIST_KEY_UISupportedInterfaceOrientations_iPad = "UIInterfaceOrientationPortrait UIInterfaceOrientationPortraitUpsideDown UIInterfaceOrientationLandscapeLeft UIInterfaceOrientationLandscapeRight";
				INFOPLIST_KEY_UISupportedInterfaceOrientations_iPhone = "UIInterfaceOrientationPortrait UIInterfaceOrientationLandscapeLeft UIInterfaceOrientationLandscapeRight";
				LD_RUNPATH_SEARCH_PATHS = (
					"$(inherited)",
					"@executable_path/Frameworks",
				);
				MARKETING_VERSION = 1.0;
				PRODUCT_BUNDLE_IDENTIFIER = com.optimalsolutions.Buitandagit.Carlot;
				PRODUCT_NAME = "$(TARGET_NAME)";
				SWIFT_EMIT_LOC_STRINGS = YES;
				SWIFT_VERSION = 5.0;
				TARGETED_DEVICE_FAMILY = "1,2";
			};
			name = Release;
		};
/* End XCBuildConfiguration section */

/* Begin XCConfigurationList section */
		730E7CC8281978DF0098EB17 /* Build configuration list for PBXProject "Carlot" */ = {
			isa = XCConfigurationList;
			buildConfigurations = (
				730E7CDF281978E20098EB17 /* Debug */,
				730E7CE0281978E20098EB17 /* Release */,
			);
			defaultConfigurationIsVisible = 0;
			defaultConfigurationName = Release;
		};
		730E7CE1281978E20098EB17 /* Build configuration list for PBXNativeTarget "Carlot" */ = {
			isa = XCConfigurationList;
			buildConfigurations = (
				730E7CE2281978E20098EB17 /* Debug */,
				730E7CE3281978E20098EB17 /* Release */,
			);
			defaultConfigurationIsVisible = 0;
			defaultConfigurationName = Release;
		};
/* End XCConfigurationList section */
	};
	rootObject = 730E7CC5281978DF0098EB17 /* Project object */;
}
